
Microsoft Visual Studio Solution File, Format Version 12.00
# Visual Studio Version 16
VisualStudioVersion = 16.0.29709.97
MinimumVisualStudioVersion = 10.0.40219.1
Project("{8BC9CEB8-8B4A-11D0-8D11-00A0C91BC942}") = "aimbot_boilerplate", "aimbot_boilerplate.vcxproj", "{B973EFAE-77AE-448B-ACF1-F02D44A4F0D2}"
EndProject
Global
	GlobalSection(SolutionConfigurationPlatforms) = preSolution
		Debug|x64 = Debug|x64
		Debug|x86 = Debug|x86
		Release|x64 = Release|x64
		Release|x86 = Release|x86
	EndGlobalSection
	GlobalSection(ProjectConfigurationPlatforms) = postSolution
		{B973EFAE-77AE-448B-ACF1-F02D44A4F0D2}.Debug|x64.ActiveCfg = Debug|x64
		{B973EFAE-77AE-448B-ACF1-F02D44A4F0D2}.Debug|x64.Build.0 = Debug|x64
		{B973EFAE-77AE-448B-ACF1-F02D44A4F0D2}.Debug|x86.ActiveCfg = Debug|Win32
		{B973EFAE-77AE-448B-ACF1-F02D44A4F0D2}.Debug|x86.Build.0 = Debug|Win32
		{B973EFAE-77AE-448B-ACF1-F02D44A4F0D2}.Release|x64.ActiveCfg = Release|x64
		{B973EFAE-77AE-448B-ACF1-F02D44A4F0D2}.Release|x64.Build.0 = Release|x64
		{B973EFAE-77AE-448B-ACF1-F02D44A4F0D2}.Release|x86.ActiveCfg = Release|Win32
		{B973EFAE-77AE-448B-ACF1-F02D44A4F0D2}.Release|x86.Build.0 = Release|Win32
	EndGlobalSection
	GlobalSection(SolutionProperties) = preSolution
		HideSolutionNode = FALSE
	EndGlobalSection
	GlobalSection(ExtensibilityGlobals) = postSolution
		SolutionGuid = {9CC6AB6C-4528-4D84-A7A3-07E6C5D5EB31}
	EndGlobalSection
EndGlobal
